// !$*UTF8*$!
{
	archiveVersion = 1;
	classes = {
	};
	objectVersion = 50;
	objects = {

/* Begin PBXBuildFile section */
		3AF0A7C6231E61B30080E07C /* AppDelegate.m in Sources */ = {isa = PBXBuildFile; fileRef = 3AF0A7C5231E61B30080E07C /* AppDelegate.m */; };
		3AF0A7C9231E61B30080E07C /* ViewController.m in Sources */ = {isa = PBXBuildFile; fileRef = 3AF0A7C8231E61B30080E07C /* ViewController.m */; };
		3AF0A7CC231E61B30080E07C /* Main.storyboard in Resources */ = {isa = PBXBuildFile; fileRef = 3AF0A7CA231E61B30080E07C /* Main.storyboard */; };
		3AF0A7CE231E61B50080E07C /* Assets.xcassets in Resources */ = {isa = PBXBuildFile; fileRef = 3AF0A7CD231E61B50080E07C /* Assets.xcassets */; };
		3AF0A7D1231E61B50080E07C /* LaunchScreen.storyboard in Resources */ = {isa = PBXBuildFile; fileRef = 3AF0A7CF231E61B50080E07C /* LaunchScreen.storyboard */; };
		3AF0A7D4231E61B50080E07C /* main.m in Sources */ = {isa = PBXBuildFile; fileRef = 3AF0A7D3231E61B50080E07C /* main.m */; };
		3AF0A7DE231E61B50080E07C /* SampleProjectTests.m in Sources */ = {isa = PBXBuildFile; fileRef = 3AF0A7DD231E61B50080E07C /* SampleProjectTests.m */; };
		3AF0A7E9231E61B50080E07C /* SampleProjectUITests.m in Sources */ = {isa = PBXBuildFile; fileRef = 3AF0A7E8231E61B50080E07C /* SampleProjectUITests.m */; };
/* End PBXBuildFile section */

/* Begin PBXContainerItemProxy section */
		3AF0A7DA231E61B50080E07C /* PBXContainerItemProxy */ = {
			isa = PBXContainerItemProxy;
			containerPortal = 3AF0A7B9231E61B30080E07C /* Project object */;
			proxyType = 1;
			remoteGlobalIDString = 3AF0A7C0231E61B30080E07C;
			remoteInfo = SampleProject;
		};
		3AF0A7E5231E61B50080E07C /* PBXContainerItemProxy */ = {
			isa = PBXContainerItemProxy;
			containerPortal = 3AF0A7B9231E61B30080E07C /* Project object */;
			proxyType = 1;
			remoteGlobalIDString = 3AF0A7C0231E61B30080E07C;
			remoteInfo = SampleProject;
		};
/* End PBXContainerItemProxy section */

/* Begin PBXFileReference section */
		3AF0A7C1231E61B30080E07C /* SampleProject.app */ = {isa = PBXFileReference; explicitFileType = wrapper.application; includeInIndex = 0; path = SampleProject.app; sourceTree = BUILT_PRODUCTS_DIR; };
		3AF0A7C4231E61B30080E07C /* AppDelegate.h */ = {isa = PBXFileReference; lastKnownFileType = sourcecode.c.h; path = AppDelegate.h; sourceTree = "<group>"; };
		3AF0A7C5231E61B30080E07C /* AppDelegate.m */ = {isa = PBXFileReference; lastKnownFileType = sourcecode.c.objc; path = AppDelegate.m; sourceTree = "<group>"; };
		3AF0A7C7231E61B30080E07C /* ViewController.h */ = {isa = PBXFileReference; lastKnownFileType = sourcecode.c.h; path = ViewController.h; sourceTree = "<group>"; };
		3AF0A7C8231E61B30080E07C /* ViewController.m */ = {isa = PBXFileReference; lastKnownFileType = sourcecode.c.objc; path = ViewController.m; sourceTree = "<group>"; };
		3AF0A7CB231E61B30080E07C /* Base */ = {isa = PBXFileReference; lastKnownFileType = file.storyboard; name = Base; path = Base.lproj/Main.storyboard; sourceTree = "<group>"; };
		3AF0A7CD231E61B50080E07C /* Assets.xcassets */ = {isa = PBXFileReference; lastKnownFileType = folder.assetcatalog; path = Assets.xcassets; sourceTree = "<group>"; };
		3AF0A7D0231E61B50080E07C /* Base */ = {isa = PBXFileReference; lastKnownFileType = file.storyboard; name = Base; path = Base.lproj/LaunchScreen.storyboard; sourceTree = "<group>"; };
		3AF0A7D2231E61B50080E07C /* Info.plist */ = {isa = PBXFileReference; lastKnownFileType = text.plist.xml; path = Info.plist; sourceTree = "<group>"; };
		3AF0A7D3231E61B50080E07C /* main.m */ = {isa = PBXFileReference; lastKnownFileType = sourcecode.c.objc; path = main.m; sourceTree = "<group>"; };
		3AF0A7D9231E61B50080E07C /* SampleProjectTests.xctest */ = {isa = PBXFileReference; explicitFileType = wrapper.cfbundle; includeInIndex = 0; path = SampleProjectTests.xctest; sourceTree = BUILT_PRODUCTS_DIR; };
		3AF0A7DD231E61B50080E07C /* SampleProjectTests.m */ = {isa = PBXFileReference; lastKnownFileType = sourcecode.c.objc; path = SampleProjectTests.m; sourceTree = "<group>"; };
		3AF0A7DF231E61B50080E07C /* Info.plist */ = {isa = PBXFileReference; lastKnownFileType = text.plist.xml; path = Info.plist; sourceTree = "<group>"; };
		3AF0A7E4231E61B50080E07C /* SampleProjectUITests.xctest */ = {isa = PBXFileReference; explicitFileType = wrapper.cfbundle; includeInIndex = 0; path = SampleProjectUITests.xctest; sourceTree = BUILT_PRODUCTS_DIR; };
		3AF0A7E8231E61B50080E07C /* SampleProjectUITests.m */ = {isa = PBXFileReference; lastKnownFileType = sourcecode.c.objc; path = SampleProjectUITests.m; sourceTree = "<group>"; };
		3AF0A7EA231E61B50080E07C /* Info.plist */ = {isa = PBXFileReference; lastKnownFileType = text.plist.xml; path = Info.plist; sourceTree = "<group>"; };
/* End PBXFileReference section */

/* Begin PBXFrameworksBuildPhase section */
		3AF0A7BE231E61B30080E07C /* Frameworks */ = {
			isa = PBXFrameworksBuildPhase;
			buildActionMask = 2147483647;
			files = (
			);
			runOnlyForDeploymentPostprocessing = 0;
		};
		3AF0A7D6231E61B50080E07C /* Frameworks */ = {
			isa = PBXFrameworksBuildPhase;
			buildActionMask = 2147483647;
			files = (
			);
			runOnlyForDeploymentPostprocessing = 0;
		};
		3AF0A7E1231E61B50080E07C /* Frameworks */ = {
			isa = PBXFrameworksBuildPhase;
			buildActionMask = 2147483647;
			files = (
			);
			runOnlyForDeploymentPostprocessing = 0;
		};
/* End PBXFrameworksBuildPhase section */

/* Begin PBXGroup section */
		3AF0A7B8231E61B30080E07C = {
			isa = PBXGroup;
			children = (
				3AF0A7C3231E61B30080E07C /* SampleProject */,
				3AF0A7DC231E61B50080E07C /* SampleProjectTests */,
				3AF0A7E7231E61B50080E07C /* SampleProjectUITests */,
				3AF0A7C2231E61B30080E07C /* Products */,
			);
			sourceTree = "<group>";
		};
		3AF0A7C2231E61B30080E07C /* Products */ = {
			isa = PBXGroup;
			children = (
				3AF0A7C1231E61B30080E07C /* SampleProject.app */,
				3AF0A7D9231E61B50080E07C /* SampleProjectTests.xctest */,
				3AF0A7E4231E61B50080E07C /* SampleProjectUITests.xctest */,
			);
			name = Products;
			sourceTree = "<group>";
		};
		3AF0A7C3231E61B30080E07C /* SampleProject */ = {
			isa = PBXGroup;
			children = (
				3AF0A7C4231E61B30080E07C /* AppDelegate.h */,
				3AF0A7C5231E61B30080E07C /* AppDelegate.m */,
				3AF0A7C7231E61B30080E07C /* ViewController.h */,
				3AF0A7C8231E61B30080E07C /* ViewController.m */,
				3AF0A7CA231E61B30080E07C /* Main.storyboard */,
				3AF0A7CD231E61B50080E07C /* Assets.xcassets */,
				3AF0A7CF231E61B50080E07C /* LaunchScreen.storyboard */,
				3AF0A7D2231E61B50080E07C /* Info.plist */,
				3AF0A7D3231E61B50080E07C /* main.m */,
			);
			path = SampleProject;
			sourceTree = "<group>";
		};
		3AF0A7DC231E61B50080E07C /* SampleProjectTests */ = {
			isa = PBXGroup;
			children = (
				3AF0A7DD231E61B50080E07C /* SampleProjectTests.m */,
				3AF0A7DF231E61B50080E07C /* Info.plist */,
			);
			path = SampleProjectTests;
			sourceTree = "<group>";
		};
		3AF0A7E7231E61B50080E07C /* SampleProjectUITests */ = {
			isa = PBXGroup;
			children = (
				3AF0A7E8231E61B50080E07C /* SampleProjectUITests.m */,
				3AF0A7EA231E61B50080E07C /* Info.plist */,
			);
			path = SampleProjectUITests;
			sourceTree = "<group>";
		};
/* End PBXGroup section */

/* Begin PBXNativeTarget section */
		3AF0A7C0231E61B30080E07C /* SampleProject */ = {
			isa = PBXNativeTarget;
			buildConfigurationList = 3AF0A7ED231E61B50080E07C /* Build configuration list for PBXNativeTarget "SampleProject" */;
			buildPhases = (
				3AF0A7BD231E61B30080E07C /* Sources */,
				3AF0A7BE231E61B30080E07C /* Frameworks */,
				3AF0A7BF231E61B30080E07C /* Resources */,
			);
			buildRules = (
			);
			dependencies = (
			);
			name = SampleProject;
			productName = SampleProject;
			productReference = 3AF0A7C1231E61B30080E07C /* SampleProject.app */;
			productType = "com.apple.product-type.application";
		};
		3AF0A7D8231E61B50080E07C /* SampleProjectTests */ = {
			isa = PBXNativeTarget;
			buildConfigurationList = 3AF0A7F0231E61B50080E07C /* Build configuration list for PBXNativeTarget "SampleProjectTests" */;
			buildPhases = (
				3AF0A7D5231E61B50080E07C /* Sources */,
				3AF0A7D6231E61B50080E07C /* Frameworks */,
				3AF0A7D7231E61B50080E07C /* Resources */,
			);
			buildRules = (
			);
			dependencies = (
				3AF0A7DB231E61B50080E07C /* PBXTargetDependency */,
			);
			name = SampleProjectTests;
			productName = SampleProjectTests;
			productReference = 3AF0A7D9231E61B50080E07C /* SampleProjectTests.xctest */;
			productType = "com.apple.product-type.bundle.unit-test";
		};
		3AF0A7E3231E61B50080E07C /* SampleProjectUITests */ = {
			isa = PBXNativeTarget;
			buildConfigurationList = 3AF0A7F3231E61B50080E07C /* Build configuration list for PBXNativeTarget "SampleProjectUITests" */;
			buildPhases = (
				3AF0A7E0231E61B50080E07C /* Sources */,
				3AF0A7E1231E61B50080E07C /* Frameworks */,
				3AF0A7E2231E61B50080E07C /* Resources */,
			);
			buildRules = (
			);
			dependencies = (
				3AF0A7E6231E61B50080E07C /* PBXTargetDependency */,
			);
			name = SampleProjectUITests;
			productName = SampleProjectUITests;
			productReference = 3AF0A7E4231E61B50080E07C /* SampleProjectUITests.xctest */;
			productType = "com.apple.product-type.bundle.ui-testing";
		};
/* End PBXNativeTarget section */

/* Begin PBXProject section */
		3AF0A7B9231E61B30080E07C /* Project object */ = {
			isa = PBXProject;
			attributes = {
				LastUpgradeCheck = 1030;
				ORGANIZATIONNAME = ming;
				TargetAttributes = {
					3AF0A7C0231E61B30080E07C = {
						CreatedOnToolsVersion = 10.3;
					};
					3AF0A7D8231E61B50080E07C = {
						CreatedOnToolsVersion = 10.3;
						TestTargetID = 3AF0A7C0231E61B30080E07C;
					};
					3AF0A7E3231E61B50080E07C = {
						CreatedOnToolsVersion = 10.3;
						TestTargetID = 3AF0A7C0231E61B30080E07C;
					};
				};
			};
			buildConfigurationList = 3AF0A7BC231E61B30080E07C /* Build configuration list for PBXProject "SampleProject" */;
			compatibilityVersion = "Xcode 9.3";
			developmentRegion = en;
			hasScannedForEncodings = 0;
			knownRegions = (
				en,
				Base,
			);
			mainGroup = 3AF0A7B8231E61B30080E07C;
			productRefGroup = 3AF0A7C2231E61B30080E07C /* Products */;
			projectDirPath = "";
			projectRoot = "";
			targets = (
				3AF0A7C0231E61B30080E07C /* SampleProject */,
				3AF0A7D8231E61B50080E07C /* SampleProjectTests */,
				3AF0A7E3231E61B50080E07C /* SampleProjectUITests */,
			);
		};
/* End PBXProject section */

/* Begin PBXResourcesBuildPhase section */
		3AF0A7BF231E61B30080E07C /* Resources */ = {
			isa = PBXResourcesBuildPhase;
			buildActionMask = 2147483647;
			files = (
				3AF0A7D1231E61B50080E07C /* LaunchScreen.storyboard in Resources */,
				3AF0A7CE231E61B50080E07C /* Assets.xcassets in Resources */,
				3AF0A7CC231E61B30080E07C /* Main.storyboard in Resources */,
			);
			runOnlyForDeploymentPostprocessing = 0;
		};
		3AF0A7D7231E61B50080E07C /* Resources */ = {
			isa = PBXResourcesBuildPhase;
			buildActionMask = 2147483647;
			files = (
			);
			runOnlyForDeploymentPostprocessing = 0;
		};
		3AF0A7E2231E61B50080E07C /* Resources */ = {
			isa = PBXResourcesBuildPhase;
			buildActionMask = 2147483647;
			files = (
			);
			runOnlyForDeploymentPostprocessing = 0;
		};
/* End PBXResourcesBuildPhase section */

/* Begin PBXSourcesBuildPhase section */
		3AF0A7BD231E61B30080E07C /* Sources */ = {
			isa = PBXSourcesBuildPhase;
			buildActionMask = 2147483647;
			files = (
				3AF0A7C9231E61B30080E07C /* ViewController.m in Sources */,
				3AF0A7D4231E61B50080E07C /* main.m in Sources */,
				3AF0A7C6231E61B30080E07C /* AppDelegate.m in Sources */,
			);
			runOnlyForDeploymentPostprocessing = 0;
		};
		3AF0A7D5231E61B50080E07C /* Sources */ = {
			isa = PBXSourcesBuildPhase;
			buildActionMask = 2147483647;
			files = (
				3AF0A7DE231E61B50080E07C /* SampleProjectTests.m in Sources */,
			);
			runOnlyForDeploymentPostprocessing = 0;
		};
		3AF0A7E0231E61B50080E07C /* Sources */ = {
			isa = PBXSourcesBuildPhase;
			buildActionMask = 2147483647;
			files = (
				3AF0A7E9231E61B50080E07C /* SampleProjectUITests.m in Sources */,
			);
			runOnlyForDeploymentPostprocessing = 0;
		};
/* End PBXSourcesBuildPhase section */

/* Begin PBXTargetDependency section */
		3AF0A7DB231E61B50080E07C /* PBXTargetDependency */ = {
			isa = PBXTargetDependency;
			target = 3AF0A7C0231E61B30080E07C /* SampleProject */;
			targetProxy = 3AF0A7DA231E61B50080E07C /* PBXContainerItemProxy */;
		};
		3AF0A7E6231E61B50080E07C /* PBXTargetDependency */ = {
			isa = PBXTargetDependency;
			target = 3AF0A7C0231E61B30080E07C /* SampleProject */;
			targetProxy = 3AF0A7E5231E61B50080E07C /* PBXContainerItemProxy */;
		};
/* End PBXTargetDependency section */

/* Begin PBXVariantGroup section */
		3AF0A7CA231E61B30080E07C /* Main.storyboard */ = {
			isa = PBXVariantGroup;
			children = (
				3AF0A7CB231E61B30080E07C /* Base */,
			);
			name = Main.storyboard;
			sourceTree = "<group>";
		};
		3AF0A7CF231E61B50080E07C /* LaunchScreen.storyboard */ = {
			isa = PBXVariantGroup;
			children = (
				3AF0A7D0231E61B50080E07C /* Base */,
			);
			name = LaunchScreen.storyboard;
			sourceTree = "<group>";
		};
/* End PBXVariantGroup section */

/* Begin XCBuildConfiguration section */
		3AF0A7EB231E61B50080E07C /* Debug */ = {
			isa = XCBuildConfiguration;
			buildSettings = {
				ALWAYS_SEARCH_USER_PATHS = NO;
				CLANG_ANALYZER_NONNULL = YES;
				CLANG_ANALYZER_NUMBER_OBJECT_CONVERSION = YES_AGGRESSIVE;
				CLANG_CXX_LANGUAGE_STANDARD = "gnu++14";
				CLANG_CXX_LIBRARY = "libc++";
				CLANG_ENABLE_MODULES = YES;
				CLANG_ENABLE_OBJC_ARC = YES;
				CLANG_ENABLE_OBJC_WEAK = YES;
				CLANG_WARN_BLOCK_CAPTURE_AUTORELEASING = YES;
				CLANG_WARN_BOOL_CONVERSION = YES;
				CLANG_WARN_COMMA = YES;
				CLANG_WARN_CONSTANT_CONVERSION = YES;
				CLANG_WARN_DEPRECATED_OBJC_IMPLEMENTATIONS = YES;
				CLANG_WARN_DIRECT_OBJC_ISA_USAGE = YES_ERROR;
				CLANG_WARN_DOCUMENTATION_COMMENTS = YES;
				CLANG_WARN_EMPTY_BODY = YES;
				CLANG_WARN_ENUM_CONVERSION = YES;
				CLANG_WARN_INFINITE_RECURSION = YES;
				CLANG_WARN_INT_CONVERSION = YES;
				CLANG_WARN_NON_LITERAL_NULL_CONVERSION = YES;
				CLANG_WARN_OBJC_IMPLICIT_RETAIN_SELF = YES;
				CLANG_WARN_OBJC_LITERAL_CONVERSION = YES;
				CLANG_WARN_OBJC_ROOT_CLASS = YES_ERROR;
				CLANG_WARN_RANGE_LOOP_ANALYSIS = YES;
				CLANG_WARN_STRICT_PROTOTYPES = YES;
				CLANG_WARN_SUSPICIOUS_MOVE = YES;
				CLANG_WARN_UNGUARDED_AVAILABILITY = YES_AGGRESSIVE;
				CLANG_WARN_UNREACHABLE_CODE = YES;
				CLANG_WARN__DUPLICATE_METHOD_MATCH = YES;
				CODE_SIGN_IDENTITY = "iPhone Developer";
				COPY_PHASE_STRIP = NO;
				DEBUG_INFORMATION_FORMAT = dwarf;
				ENABLE_STRICT_OBJC_MSGSEND = YES;
				ENABLE_TESTABILITY = YES;
				GCC_C_LANGUAGE_STANDARD = gnu11;
				GCC_DYNAMIC_NO_PIC = NO;
				GCC_NO_COMMON_BLOCKS = YES;
				GCC_OPTIMIZATION_LEVEL = 0;
				GCC_PREPROCESSOR_DEFINITIONS = (
					"DEBUG=1",
					"$(inherited)",
				);
				GCC_WARN_64_TO_32_BIT_CONVERSION = YES;
				GCC_WARN_ABOUT_RETURN_TYPE = YES_ERROR;
				GCC_WARN_UNDECLARED_SELECTOR = YES;
				GCC_WARN_UNINITIALIZED_AUTOS = YES_AGGRESSIVE;
				GCC_WARN_UNUSED_FUNCTION = YES;
				GCC_WARN_UNUSED_VARIABLE = YES;
				IPHONEOS_DEPLOYMENT_TARGET = 12.4;
				MTL_ENABLE_DEBUG_INFO = INCLUDE_SOURCE;
				MTL_FAST_MATH = YES;
				ONLY_ACTIVE_ARCH = YES;
				SDKROOT = iphoneos;
			};
			name = Debug;
		};
		3AF0A7EC231E61B50080E07C /* Release */ = {
			isa = XCBuildConfiguration;
			buildSettings = {
				ALWAYS_SEARCH_USER_PATHS = NO;
				CLANG_ANALYZER_NONNULL = YES;
				CLANG_ANALYZER_NUMBER_OBJECT_CONVERSION = YES_AGGRESSIVE;
				CLANG_CXX_LANGUAGE_STANDARD = "gnu++14";
				CLANG_CXX_LIBRARY = "libc++";
				CLANG_ENABLE_MODULES = YES;
				CLANG_ENABLE_OBJC_ARC = YES;
				CLANG_ENABLE_OBJC_WEAK = YES;
				CLANG_WARN_BLOCK_CAPTURE_AUTORELEASING = YES;
				CLANG_WARN_BOOL_CONVERSION = YES;
				CLANG_WARN_COMMA = YES;
				CLANG_WARN_CONSTANT_CONVERSION = YES;
				CLANG_WARN_DEPRECATED_OBJC_IMPLEMENTATIONS = YES;
				CLANG_WARN_DIRECT_OBJC_ISA_USAGE = YES_ERROR;
				CLANG_WARN_DOCUMENTATION_COMMENTS = YES;
				CLANG_WARN_EMPTY_BODY = YES;
				CLANG_WARN_ENUM_CONVERSION = YES;
				CLANG_WARN_INFINITE_RECURSION = YES;
				CLANG_WARN_INT_CONVERSION = YES;
				CLANG_WARN_NON_LITERAL_NULL_CONVERSION = YES;
				CLANG_WARN_OBJC_IMPLICIT_RETAIN_SELF = YES;
				CLANG_WARN_OBJC_LITERAL_CONVERSION = YES;
				CLANG_WARN_OBJC_ROOT_CLASS = YES_ERROR;
				CLANG_WARN_RANGE_LOOP_ANALYSIS = YES;
				CLANG_WARN_STRICT_PROTOTYPES = YES;
				CLANG_WARN_SUSPICIOUS_MOVE = YES;
				CLANG_WARN_UNGUARDED_AVAILABILITY = YES_AGGRESSIVE;
				CLANG_WARN_UNREACHABLE_CODE = YES;
				CLANG_WARN__DUPLICATE_METHOD_MATCH = YES;
				CODE_SIGN_IDENTITY = "iPhone Developer";
				COPY_PHASE_STRIP = NO;
				DEBUG_INFORMATION_FORMAT = "dwarf-with-dsym";
				ENABLE_NS_ASSERTIONS = NO;
				ENABLE_STRICT_OBJC_MSGSEND = YES;
				GCC_C_LANGUAGE_STANDARD = gnu11;
				GCC_NO_COMMON_BLOCKS = YES;
				GCC_WARN_64_TO_32_BIT_CONVERSION = YES;
				GCC_WARN_ABOUT_RETURN_TYPE = YES_ERROR;
				GCC_WARN_UNDECLARED_SELECTOR = YES;
				GCC_WARN_UNINITIALIZED_AUTOS = YES_AGGRESSIVE;
				GCC_WARN_UNUSED_FUNCTION = YES;
				GCC_WARN_UNUSED_VARIABLE = YES;
				IPHONEOS_DEPLOYMENT_TARGET = 12.4;
				MTL_ENABLE_DEBUG_INFO = NO;
				MTL_FAST_MATH = YES;
				SDKROOT = iphoneos;
				VALIDATE_PRODUCT = YES;
			};
			name = Release;
		};
		3AF0A7EE231E61B50080E07C /* Debug */ = {
			isa = XCBuildConfiguration;
			buildSettings = {
				ASSETCATALOG_COMPILER_APPICON_NAME = AppIcon;
				CODE_SIGN_STYLE = Automatic;
				INFOPLIST_FILE = SampleProject/Info.plist;
				LD_RUNPATH_SEARCH_PATHS = (
					"$(inherited)",
					"@executable_path/Frameworks",
				);
				PRODUCT_BUNDLE_IDENTIFIER = com.starming.SampleProject;
				PRODUCT_NAME = "$(TARGET_NAME)";
				TARGETED_DEVICE_FAMILY = "1,2";
			};
			name = Debug;
		};
		3AF0A7EF231E61B50080E07C /* Release */ = {
			isa = XCBuildConfiguration;
			buildSettings = {
				ASSETCATALOG_COMPILER_APPICON_NAME = AppIcon;
				CODE_SIGN_STYLE = Automatic;
				INFOPLIST_FILE = SampleProject/Info.plist;
				LD_RUNPATH_SEARCH_PATHS = (
					"$(inherited)",
					"@executable_path/Frameworks",
				);
				PRODUCT_BUNDLE_IDENTIFIER = com.starming.SampleProject;
				PRODUCT_NAME = "$(TARGET_NAME)";
				TARGETED_DEVICE_FAMILY = "1,2";
			};
			name = Release;
		};
		3AF0A7F1231E61B50080E07C /* Debug */ = {
			isa = XCBuildConfiguration;
			buildSettings = {
				BUNDLE_LOADER = "$(TEST_HOST)";
				CODE_SIGN_STYLE = Automatic;
				INFOPLIST_FILE = SampleProjectTests/Info.plist;
				LD_RUNPATH_SEARCH_PATHS = (
					"$(inherited)",
					"@executable_path/Frameworks",
					"@loader_path/Frameworks",
				);
				PRODUCT_BUNDLE_IDENTIFIER = com.starming.SampleProjectTests;
				PRODUCT_NAME = "$(TARGET_NAME)";
				TARGETED_DEVICE_FAMILY = "1,2";
				TEST_HOST = "$(BUILT_PRODUCTS_DIR)/SampleProject.app/SampleProject";
			};
			name = Debug;
		};
		3AF0A7F2231E61B50080E07C /* Release */ = {
			isa = XCBuildConfiguration;
			buildSettings = {
				BUNDLE_LOADER = "$(TEST_HOST)";
				CODE_SIGN_STYLE = Automatic;
				INFOPLIST_FILE = SampleProjectTests/Info.plist;
				LD_RUNPATH_SEARCH_PATHS = (
					"$(inherited)",
					"@executable_path/Frameworks",
					"@loader_path/Frameworks",
				);
				PRODUCT_BUNDLE_IDENTIFIER = com.starming.SampleProjectTests;
				PRODUCT_NAME = "$(TARGET_NAME)";
				TARGETED_DEVICE_FAMILY = "1,2";
				TEST_HOST = "$(BUILT_PRODUCTS_DIR)/SampleProject.app/SampleProject";
			};
			name = Release;
		};
		3AF0A7F4231E61B50080E07C /* Debug */ = {
			isa = XCBuildConfiguration;
			buildSettings = {
				CODE_SIGN_STYLE = Automatic;
				INFOPLIST_FILE = SampleProjectUITests/Info.plist;
				LD_RUNPATH_SEARCH_PATHS = (
					"$(inherited)",
					"@executable_path/Frameworks",
					"@loader_path/Frameworks",
				);
				PRODUCT_BUNDLE_IDENTIFIER = com.starming.SampleProjectUITests;
				PRODUCT_NAME = "$(TARGET_NAME)";
				TARGETED_DEVICE_FAMILY = "1,2";
				TEST_TARGET_NAME = SampleProject;
			};
			name = Debug;
		};
		3AF0A7F5231E61B50080E07C /* Release */ = {
			isa = XCBuildConfiguration;
			buildSettings = {
				CODE_SIGN_STYLE = Automatic;
				INFOPLIST_FILE = SampleProjectUITests/Info.plist;
				LD_RUNPATH_SEARCH_PATHS = (
					"$(inherited)",
					"@executable_path/Frameworks",
					"@loader_path/Frameworks",
				);
				PRODUCT_BUNDLE_IDENTIFIER = com.starming.SampleProjectUITests;
				PRODUCT_NAME = "$(TARGET_NAME)";
				TARGETED_DEVICE_FAMILY = "1,2";
				TEST_TARGET_NAME = SampleProject;
			};
			name = Release;
		};
/* End XCBuildConfiguration section */

/* Begin XCConfigurationList section */
		3AF0A7BC231E61B30080E07C /* Build configuration list for PBXProject "SampleProject" */ = {
			isa = XCConfigurationList;
			buildConfigurations = (
				3AF0A7EB231E61B50080E07C /* Debug */,
				3AF0A7EC231E61B50080E07C /* Release */,
			);
			defaultConfigurationIsVisible = 0;
			defaultConfigurationName = Release;
		};
		3AF0A7ED231E61B50080E07C /* Build configuration list for PBXNativeTarget "SampleProject" */ = {
			isa = XCConfigurationList;
			buildConfigurations = (
				3AF0A7EE231E61B50080E07C /* Debug */,
				3AF0A7EF231E61B50080E07C /* Release */,
			);
			defaultConfigurationIsVisible = 0;
			defaultConfigurationName = Release;
		};
		3AF0A7F0231E61B50080E07C /* Build configuration list for PBXNativeTarget "SampleProjectTests" */ = {
			isa = XCConfigurationList;
			buildConfigurations = (
				3AF0A7F1231E61B50080E07C /* Debug */,
				3AF0A7F2231E61B50080E07C /* Release */,
			);
			defaultConfigurationIsVisible = 0;
			defaultConfigurationName = Release;
		};
		3AF0A7F3231E61B50080E07C /* Build configuration list for PBXNativeTarget "SampleProjectUITests" */ = {
			isa = XCConfigurationList;
			buildConfigurations = (
				3AF0A7F4231E61B50080E07C /* Debug */,
				3AF0A7F5231E61B50080E07C /* Release */,
			);
			defaultConfigurationIsVisible = 0;
			defaultConfigurationName = Release;
		};
/* End XCConfigurationList section */
	};
	rootObject = 3AF0A7B9231E61B30080E07C /* Project object */;
}
